
Microsoft Visual Studio Solution File, Format Version 12.00
# Visual Studio 2013
VisualStudioVersion = 12.0.30723.0
MinimumVisualStudioVersion = 10.0.40219.1
Project("{FAE04EC0-301F-11D3-BF4B-00C04F79EFBC}") = "fissbuzz", "fissbuzz\fissbuzz.csproj", "{D72E8A06-D6AD-4328-9924-D3614FDC194D}"
EndProject
Global
	GlobalSection(SolutionConfigurationPlatforms) = preSolution
		Debug|Any CPU = Debug|Any CPU
		Release|Any CPU = Release|Any CPU
	EndGlobalSection
	GlobalSection(ProjectConfigurationPlatforms) = postSolution
		{D72E8A06-D6AD-4328-9924-D3614FDC194D}.Debug|Any CPU.ActiveCfg = Debug|Any CPU
		{D72E8A06-D6AD-4328-9924-D3614FDC194D}.Debug|Any CPU.Build.0 = Debug|Any CPU
		{D72E8A06-D6AD-4328-9924-D3614FDC194D}.Release|Any CPU.ActiveCfg = Release|Any CPU
		{D72E8A06-D6AD-4328-9924-D3614FDC194D}.Release|Any CPU.Build.0 = Release|Any CPU
	EndGlobalSection
	GlobalSection(SolutionProperties) = preSolution
		HideSolutionNode = FALSE
	EndGlobalSection
EndGlobal
